{
  "originHash" : "adb2616940844c57b1841947efd947a2dd7c9c21d0bfbca319ba839f3a370642",
  "pins" : [
    {
      "identity" : "cachedasyncimage",
      "kind" : "remoteSourceControl",
      "location" : "https://github.com/0xWDG/CachedAsyncImage",
      "state" : {
        "revision" : "ad3fd91bb07d08c2236f949f8969c107fa153e66",
        "version" : "0.0.4"
      }
    },
    {
      "identity" : "swiftlintplugins",
      "kind" : "remoteSourceControl",
      "location" : "https://github.com/SimplyDanny/SwiftLintPlugins",
      "state" : {
        "revision" : "ef7d692fc6706e8f5628e26bcafaefa445c58a97",
        "version" : "0.65.1"
      }
    }
  ],
  "version" : 3
}
